
Microsoft Visual Studio Solution File, Format Version 12.00
# Visual Studio Version 17
VisualStudioVersion = 17.3.32819.101
MinimumVisualStudioVersion = 10.0.40219.1
Project("{FAE04EC0-301F-11D3-BF4B-00C04F79EFBC}") = "CrudUsuarios", "CrudUsuarios\CrudUsuarios.csproj", "{E79375A2-A596-4B0D-BECF-7B62F3E3CAD1}"
EndProject
Global
	GlobalSection(SolutionConfigurationPlatforms) = preSolution
		Debug|Any CPU = Debug|Any CPU
		Release|Any CPU = Release|Any CPU
	EndGlobalSection
	GlobalSection(ProjectConfigurationPlatforms) = postSolution
		{E79375A2-A596-4B0D-BECF-7B62F3E3CAD1}.Debug|Any CPU.ActiveCfg = Debug|Any CPU
		{E79375A2-A596-4B0D-BECF-7B62F3E3CAD1}.Debug|Any CPU.Build.0 = Debug|Any CPU
		{E79375A2-A596-4B0D-BECF-7B62F3E3CAD1}.Release|Any CPU.ActiveCfg = Release|Any CPU
		{E79375A2-A596-4B0D-BECF-7B62F3E3CAD1}.Release|Any CPU.Build.0 = Release|Any CPU
	EndGlobalSection
	GlobalSection(SolutionProperties) = preSolution
		HideSolutionNode = FALSE
	EndGlobalSection
	GlobalSection(ExtensibilityGlobals) = postSolution
		SolutionGuid = {08D404EF-1282-4D4F-9779-002D3D046708}
	EndGlobalSection
EndGlobal
